
Microsoft Visual Studio Solution File, Format Version 12.00
# Visual Studio Version 16
VisualStudioVersion = 16.0.30907.101
MinimumVisualStudioVersion = 10.0.40219.1
Project("{FAE04EC0-301F-11D3-BF4B-00C04F79EFBC}") = "LOL_Little_Book", "LOL_Little_Book.csproj", "{42438A83-325D-45DC-ABB2-8042C9CE8DB6}"
EndProject
Global
	GlobalSection(SolutionConfigurationPlatforms) = preSolution
		Debug|Any CPU = Debug|Any CPU
		Release|Any CPU = Release|Any CPU
	EndGlobalSection
	GlobalSection(ProjectConfigurationPlatforms) = postSolution
		{42438A83-325D-45DC-ABB2-8042C9CE8DB6}.Debug|Any CPU.ActiveCfg = Debug|Any CPU
		{42438A83-325D-45DC-ABB2-8042C9CE8DB6}.Debug|Any CPU.Build.0 = Debug|Any CPU
		{42438A83-325D-45DC-ABB2-8042C9CE8DB6}.Release|Any CPU.ActiveCfg = Release|Any CPU
		{42438A83-325D-45DC-ABB2-8042C9CE8DB6}.Release|Any CPU.Build.0 = Release|Any CPU
	EndGlobalSection
	GlobalSection(SolutionProperties) = preSolution
		HideSolutionNode = FALSE
	EndGlobalSection
	GlobalSection(ExtensibilityGlobals) = postSolution
		SolutionGuid = {DAD55557-E805-43A2-AA3C-43E066FDEB9E}
	EndGlobalSection
EndGlobal
